
Microsoft Visual Studio Solution File, Format Version 12.00
# Visual Studio Version 17
VisualStudioVersion = 17.9.34622.214
MinimumVisualStudioVersion = 10.0.40219.1
Project("{9A19103F-16F7-4668-BE54-9A1E7A4F7556}") = "ConstructionFlow.Domain", "ConstructionFlow.Domain\ConstructionFlow.Domain.csproj", "{29E36126-306F-46D3-958A-B05117A405E9}"
EndProject
Project("{9A19103F-16F7-4668-BE54-9A1E7A4F7556}") = "ConstructionFlow.Infrastructure", "ConstructionFlow.Infrastructure\ConstructionFlow.Infrastructure.csproj", "{5E6D271D-9C6E-4AAC-A072-D2F423745EA2}"
EndProject
Project("{FAE04EC0-301F-11D3-BF4B-00C04F79EFBC}") = "ConstructionFlow.Api", "ConstructionFlow.Api\ConstructionFlow.Api.csproj", "{A924FF8D-6DD7-4D8A-AABF-08453DEC64DA}"
EndProject
Project("{54A90642-561A-4BB1-A94E-469ADEE60C69}") = "ConstructionFlow.UI", "ConstructionFlow.UI\ConstructionFlow.UI.esproj", "{D0F97163-9F28-477A-9668-0A7F4D739F7B}"
EndProject
Project("{FAE04EC0-301F-11D3-BF4B-00C04F79EFBC}") = "ConstructionFlow.IoC", "ConstructionFlow.IoC\ConstructionFlow.IoC.csproj", "{CBC9D7AD-F994-45D1-88CF-2A4EF1D2467A}"
EndProject
Project("{FAE04EC0-301F-11D3-BF4B-00C04F79EFBC}") = "ConstructionFlow.DAL", "ConstructionFlow.DAL\ConstructionFlow.DAL.csproj", "{68647076-5537-4241-9E4A-4A60710CD8BE}"
EndProject
Project("{FAE04EC0-301F-11D3-BF4B-00C04F79EFBC}") = "ConstructionFlow.BL", "ConstructionFlow.BL\ConstructionFlow.BL.csproj", "{841A5947-617D-4878-80EC-671806AA91F2}"
EndProject
Global
	GlobalSection(SolutionConfigurationPlatforms) = preSolution
		Debug|Any CPU = Debug|Any CPU
		Release|Any CPU = Release|Any CPU
	EndGlobalSection
	GlobalSection(ProjectConfigurationPlatforms) = postSolution
		{29E36126-306F-46D3-958A-B05117A405E9}.Debug|Any CPU.ActiveCfg = Debug|Any CPU
		{29E36126-306F-46D3-958A-B05117A405E9}.Debug|Any CPU.Build.0 = Debug|Any CPU
		{29E36126-306F-46D3-958A-B05117A405E9}.Release|Any CPU.ActiveCfg = Release|Any CPU
		{29E36126-306F-46D3-958A-B05117A405E9}.Release|Any CPU.Build.0 = Release|Any CPU
		{5E6D271D-9C6E-4AAC-A072-D2F423745EA2}.Debug|Any CPU.ActiveCfg = Debug|Any CPU
		{5E6D271D-9C6E-4AAC-A072-D2F423745EA2}.Debug|Any CPU.Build.0 = Debug|Any CPU
		{5E6D271D-9C6E-4AAC-A072-D2F423745EA2}.Release|Any CPU.ActiveCfg = Release|Any CPU
		{5E6D271D-9C6E-4AAC-A072-D2F423745EA2}.Release|Any CPU.Build.0 = Release|Any CPU
		{A924FF8D-6DD7-4D8A-AABF-08453DEC64DA}.Debug|Any CPU.ActiveCfg = Debug|Any CPU
		{A924FF8D-6DD7-4D8A-AABF-08453DEC64DA}.Debug|Any CPU.Build.0 = Debug|Any CPU
		{A924FF8D-6DD7-4D8A-AABF-08453DEC64DA}.Release|Any CPU.ActiveCfg = Release|Any CPU
		{A924FF8D-6DD7-4D8A-AABF-08453DEC64DA}.Release|Any CPU.Build.0 = Release|Any CPU
		{D0F97163-9F28-477A-9668-0A7F4D739F7B}.Debug|Any CPU.ActiveCfg = Debug|Any CPU
		{D0F97163-9F28-477A-9668-0A7F4D739F7B}.Debug|Any CPU.Build.0 = Debug|Any CPU
		{D0F97163-9F28-477A-9668-0A7F4D739F7B}.Debug|Any CPU.Deploy.0 = Debug|Any CPU
		{D0F97163-9F28-477A-9668-0A7F4D739F7B}.Release|Any CPU.ActiveCfg = Release|Any CPU
		{D0F97163-9F28-477A-9668-0A7F4D739F7B}.Release|Any CPU.Build.0 = Release|Any CPU
		{D0F97163-9F28-477A-9668-0A7F4D739F7B}.Release|Any CPU.Deploy.0 = Release|Any CPU
		{CBC9D7AD-F994-45D1-88CF-2A4EF1D2467A}.Debug|Any CPU.ActiveCfg = Debug|Any CPU
		{CBC9D7AD-F994-45D1-88CF-2A4EF1D2467A}.Debug|Any CPU.Build.0 = Debug|Any CPU
		{CBC9D7AD-F994-45D1-88CF-2A4EF1D2467A}.Release|Any CPU.ActiveCfg = Release|Any CPU
		{CBC9D7AD-F994-45D1-88CF-2A4EF1D2467A}.Release|Any CPU.Build.0 = Release|Any CPU
		{68647076-5537-4241-9E4A-4A60710CD8BE}.Debug|Any CPU.ActiveCfg = Debug|Any CPU
		{68647076-5537-4241-9E4A-4A60710CD8BE}.Debug|Any CPU.Build.0 = Debug|Any CPU
		{68647076-5537-4241-9E4A-4A60710CD8BE}.Release|Any CPU.ActiveCfg = Release|Any CPU
		{68647076-5537-4241-9E4A-4A60710CD8BE}.Release|Any CPU.Build.0 = Release|Any CPU
		{841A5947-617D-4878-80EC-671806AA91F2}.Debug|Any CPU.ActiveCfg = Debug|Any CPU
		{841A5947-617D-4878-80EC-671806AA91F2}.Debug|Any CPU.Build.0 = Debug|Any CPU
		{841A5947-617D-4878-80EC-671806AA91F2}.Release|Any CPU.ActiveCfg = Release|Any CPU
		{841A5947-617D-4878-80EC-671806AA91F2}.Release|Any CPU.Build.0 = Release|Any CPU
	EndGlobalSection
	GlobalSection(SolutionProperties) = preSolution
		HideSolutionNode = FALSE
	EndGlobalSection
	GlobalSection(ExtensibilityGlobals) = postSolution
		SolutionGuid = {0B791972-0F30-4B7E-9652-38120A9D5CFA}
	EndGlobalSection
EndGlobal
