
Microsoft Visual Studio Solution File, Format Version 12.00
# Visual Studio Version 17
VisualStudioVersion = 17.9.34622.214
MinimumVisualStudioVersion = 10.0.40219.1
Project("{FAE04EC0-301F-11D3-BF4B-00C04F79EFBC}") = "ConstructionFlowAPI", "ConstructionFlowAPI\ConstructionFlowAPI.csproj", "{C08B87FF-83DE-4772-98D5-0C37D6893848}"
EndProject
Global
	GlobalSection(SolutionConfigurationPlatforms) = preSolution
		Debug|Any CPU = Debug|Any CPU
		Release|Any CPU = Release|Any CPU
	EndGlobalSection
	GlobalSection(ProjectConfigurationPlatforms) = postSolution
		{C08B87FF-83DE-4772-98D5-0C37D6893848}.Debug|Any CPU.ActiveCfg = Debug|Any CPU
		{C08B87FF-83DE-4772-98D5-0C37D6893848}.Debug|Any CPU.Build.0 = Debug|Any CPU
		{C08B87FF-83DE-4772-98D5-0C37D6893848}.Release|Any CPU.ActiveCfg = Release|Any CPU
		{C08B87FF-83DE-4772-98D5-0C37D6893848}.Release|Any CPU.Build.0 = Release|Any CPU
	EndGlobalSection
	GlobalSection(SolutionProperties) = preSolution
		HideSolutionNode = FALSE
	EndGlobalSection
	GlobalSection(ExtensibilityGlobals) = postSolution
		SolutionGuid = {0B791972-0F30-4B7E-9652-38120A9D5CFA}
	EndGlobalSection
EndGlobal
